
Microsoft Visual Studio Solution File, Format Version 12.00
# Visual Studio Version 17
VisualStudioVersion = 17.5.33516.290
MinimumVisualStudioVersion = 10.0.40219.1
Project("{FAE04EC0-301F-11D3-BF4B-00C04F79EFBC}") = "Kinmatch", "Kinmatch.csproj", "{3160EE56-5DBA-45BB-8A22-2C2A62F4785F}"
EndProject
Global
	GlobalSection(SolutionConfigurationPlatforms) = preSolution
		Debug|Any CPU = Debug|Any CPU
		Release|Any CPU = Release|Any CPU
	EndGlobalSection
	GlobalSection(ProjectConfigurationPlatforms) = postSolution
		{3160EE56-5DBA-45BB-8A22-2C2A62F4785F}.Debug|Any CPU.ActiveCfg = Debug|Any CPU
		{3160EE56-5DBA-45BB-8A22-2C2A62F4785F}.Debug|Any CPU.Build.0 = Debug|Any CPU
		{3160EE56-5DBA-45BB-8A22-2C2A62F4785F}.Release|Any CPU.ActiveCfg = Release|Any CPU
		{3160EE56-5DBA-45BB-8A22-2C2A62F4785F}.Release|Any CPU.Build.0 = Release|Any CPU
	EndGlobalSection
	GlobalSection(SolutionProperties) = preSolution
		HideSolutionNode = FALSE
	EndGlobalSection
	GlobalSection(ExtensibilityGlobals) = postSolution
		SolutionGuid = {2DFE08BE-E73B-4396-A9E5-DBB77D937955}
	EndGlobalSection
EndGlobal
